// !$*UTF8*$!
{
	archiveVersion = 1;
	classes = {
	};
	objectVersion = 56;
	objects = {

/* Begin PBXBuildFile section */
		263DF4C95E5BC2AB02F77C0B /* Pods_HospitalApp.framework in Frameworks */ = {isa = PBXBuildFile; fileRef = B84F42C2C782624660F28218 /* Pods_HospitalApp.framework */; };
		842EF2332F78555900169087 /* Assets.xcassets in Resources */ = {isa = PBXBuildFile; fileRef = 842EF2322F78555900169087 /* Assets.xcassets */; };
		842EF2392F78574F00169087 /* LaunchScreen.storyboard in Resources */ = {isa = PBXBuildFile; fileRef = 842EF2382F78574F00169087 /* LaunchScreen.storyboard */; };
		842EF23B2F7B110A00169087 /* WaitTimeModels.swift in Sources */ = {isa = PBXBuildFile; fileRef = 842EF23A2F7B110A00169087 /* WaitTimeModels.swift */; };
		842EF23D2F7DEE3600169087 /* FacilityIssueModels.swift in Sources */ = {isa = PBXBuildFile; fileRef = 842EF23C2F7DEE3600169087 /* FacilityIssueModels.swift */; };
		842EF23F2F7DEE4200169087 /* FacilityIssueReportViewController.swift in Sources */ = {isa = PBXBuildFile; fileRef = 842EF23E2F7DEE4200169087 /* FacilityIssueReportViewController.swift */; };
		84E8E9D22F7E996E00968025 /* CareCentersListViewController.swift in Sources */ = {isa = PBXBuildFile; fileRef = 84E8E9D12F7E996E00968025 /* CareCentersListViewController.swift */; };
		84E8E9D42F7F14D000968025 /* AdminWaitTimeOverride.swift in Sources */ = {isa = PBXBuildFile; fileRef = 84E8E9D32F7F14D000968025 /* AdminWaitTimeOverride.swift */; };
		84E8E9D62F7F14D200968025 /* AdminFacilityIssueOverride.swift in Sources */ = {isa = PBXBuildFile; fileRef = 84E8E9D52F7F14D200968025 /* AdminFacilityIssueOverride.swift */; };
		CA69F3872F2A87D70059BC8A /* Main.storyboard in Resources */ = {isa = PBXBuildFile; fileRef = CA69F3802F2A87D70059BC8A /* Main.storyboard */; };
		CA69F3882F2A87D70059BC8A /* AppDelegate.swift in Sources */ = {isa = PBXBuildFile; fileRef = CA69F37A2F2A87D70059BC8A /* AppDelegate.swift */; };
		CA69F3892F2A87D70059BC8A /* SceneDelegate.swift in Sources */ = {isa = PBXBuildFile; fileRef = CA69F3812F2A87D70059BC8A /* SceneDelegate.swift */; };
		CA69F38A2F2A87D70059BC8A /* LandingPageViewController.swift in Sources */ = {isa = PBXBuildFile; fileRef = CA69F3822F2A87D70059BC8A /* LandingPageViewController.swift */; };
		CA6F02092F2D49610044A3E0 /* CareCenterTableViewCell.swift in Sources */ = {isa = PBXBuildFile; fileRef = CA6F02082F2D49610044A3E0 /* CareCenterTableViewCell.swift */; };
		CA6F020B2F2D4DED0044A3E0 /* CareCenterAnnotation.swift in Sources */ = {isa = PBXBuildFile; fileRef = CA6F020A2F2D4DED0044A3E0 /* CareCenterAnnotation.swift */; };
		CA6F020D2F2D577B0044A3E0 /* CareCenterDetailHeaderCell.swift in Sources */ = {isa = PBXBuildFile; fileRef = CA6F020C2F2D577B0044A3E0 /* CareCenterDetailHeaderCell.swift */; };
		CA7E37592F2BF9C700AB625C /* Capability.swift in Sources */ = {isa = PBXBuildFile; fileRef = CA7E37582F2BF9C700AB625C /* Capability.swift */; };
		CA7E375B2F2BF9CA00AB625C /* CareCenter.swift in Sources */ = {isa = PBXBuildFile; fileRef = CA7E375A2F2BF9CA00AB625C /* CareCenter.swift */; };
		CA7E37602F2D3FE900AB625C /* DataManager.swift in Sources */ = {isa = PBXBuildFile; fileRef = CA7E375F2F2D3FE500AB625C /* DataManager.swift */; };
		CAC7B7D92F2A88B30003A5F6 /* GoogleService-Info.plist in Resources */ = {isa = PBXBuildFile; fileRef = CAC7B7D82F2A88B30003A5F6 /* GoogleService-Info.plist */; };
		CAC7B7DB2F2BD3790003A5F6 /* CareCenterListViewController.swift in Sources */ = {isa = PBXBuildFile; fileRef = CAC7B7DA2F2BD3790003A5F6 /* CareCenterListViewController.swift */; };
		CAC7B7DD2F2BD3820003A5F6 /* CareCenterDetailsViewController.swift in Sources */ = {isa = PBXBuildFile; fileRef = CAC7B7DC2F2BD3820003A5F6 /* CareCenterDetailsViewController.swift */; };
/* End PBXBuildFile section */

/* Begin PBXFileReference section */
		460624B9BDA0A19080D81033 /* Pods-HospitalApp.debug.xcconfig */ = {isa = PBXFileReference; includeInIndex = 1; lastKnownFileType = text.xcconfig; name = "Pods-HospitalApp.debug.xcconfig"; path = "Target Support Files/Pods-HospitalApp/Pods-HospitalApp.debug.xcconfig"; sourceTree = "<group>"; };
		842EF2322F78555900169087 /* Assets.xcassets */ = {isa = PBXFileReference; lastKnownFileType = folder.assetcatalog; path = Assets.xcassets; sourceTree = "<group>"; };
		842EF2382F78574F00169087 /* LaunchScreen.storyboard */ = {isa = PBXFileReference; lastKnownFileType = file.storyboard; path = LaunchScreen.storyboard; sourceTree = "<group>"; };
		842EF23A2F7B110A00169087 /* WaitTimeModels.swift */ = {isa = PBXFileReference; lastKnownFileType = sourcecode.swift; path = WaitTimeModels.swift; sourceTree = "<group>"; };
		842EF23C2F7DEE3600169087 /* FacilityIssueModels.swift */ = {isa = PBXFileReference; lastKnownFileType = sourcecode.swift; path = FacilityIssueModels.swift; sourceTree = "<group>"; };
		842EF23E2F7DEE4200169087 /* FacilityIssueReportViewController.swift */ = {isa = PBXFileReference; lastKnownFileType = sourcecode.swift; path = FacilityIssueReportViewController.swift; sourceTree = "<group>"; };
		84E8E9D12F7E996E00968025 /* CareCentersListViewController.swift */ = {isa = PBXFileReference; lastKnownFileType = sourcecode.swift; path = CareCentersListViewController.swift; sourceTree = "<group>"; };
		84E8E9D32F7F14D000968025 /* AdminWaitTimeOverride.swift */ = {isa = PBXFileReference; lastKnownFileType = sourcecode.swift; path = AdminWaitTimeOverride.swift; sourceTree = "<group>"; };
		84E8E9D52F7F14D200968025 /* AdminFacilityIssueOverride.swift */ = {isa = PBXFileReference; lastKnownFileType = sourcecode.swift; path = AdminFacilityIssueOverride.swift; sourceTree = "<group>"; };
		B4D26AC1F474E52F717D1FEE /* Pods-HospitalApp.release.xcconfig */ = {isa = PBXFileReference; includeInIndex = 1; lastKnownFileType = text.xcconfig; name = "Pods-HospitalApp.release.xcconfig"; path = "Target Support Files/Pods-HospitalApp/Pods-HospitalApp.release.xcconfig"; sourceTree = "<group>"; };
		B84F42C2C782624660F28218 /* Pods_HospitalApp.framework */ = {isa = PBXFileReference; explicitFileType = wrapper.framework; includeInIndex = 0; path = Pods_HospitalApp.framework; sourceTree = BUILT_PRODUCTS_DIR; };
		CA69F3622F2A87AE0059BC8A /* HospitalApp.app */ = {isa = PBXFileReference; explicitFileType = wrapper.application; includeInIndex = 0; path = HospitalApp.app; sourceTree = BUILT_PRODUCTS_DIR; };
		CA69F37A2F2A87D70059BC8A /* AppDelegate.swift */ = {isa = PBXFileReference; lastKnownFileType = sourcecode.swift; path = AppDelegate.swift; sourceTree = "<group>"; };
		CA69F37C2F2A87D70059BC8A /* Info.plist */ = {isa = PBXFileReference; lastKnownFileType = text.plist.xml; path = Info.plist; sourceTree = "<group>"; };
		CA69F37F2F2A87D70059BC8A /* Base */ = {isa = PBXFileReference; lastKnownFileType = file.storyboard; name = Base; path = Base.lproj/Main.storyboard; sourceTree = "<group>"; };
		CA69F3812F2A87D70059BC8A /* SceneDelegate.swift */ = {isa = PBXFileReference; lastKnownFileType = sourcecode.swift; path = SceneDelegate.swift; sourceTree = "<group>"; };
		CA69F3822F2A87D70059BC8A /* LandingPageViewController.swift */ = {isa = PBXFileReference; lastKnownFileType = sourcecode.swift; path = LandingPageViewController.swift; sourceTree = "<group>"; };
		CA6F02082F2D49610044A3E0 /* CareCenterTableViewCell.swift */ = {isa = PBXFileReference; lastKnownFileType = sourcecode.swift; path = CareCenterTableViewCell.swift; sourceTree = "<group>"; };
		CA6F020A2F2D4DED0044A3E0 /* CareCenterAnnotation.swift */ = {isa = PBXFileReference; lastKnownFileType = sourcecode.swift; path = CareCenterAnnotation.swift; sourceTree = "<group>"; };
		CA6F020C2F2D577B0044A3E0 /* CareCenterDetailHeaderCell.swift */ = {isa = PBXFileReference; lastKnownFileType = sourcecode.swift; path = CareCenterDetailHeaderCell.swift; sourceTree = "<group>"; };
		CA7E37582F2BF9C700AB625C /* Capability.swift */ = {isa = PBXFileReference; lastKnownFileType = sourcecode.swift; path = Capability.swift; sourceTree = "<group>"; };
		CA7E375A2F2BF9CA00AB625C /* CareCenter.swift */ = {isa = PBXFileReference; lastKnownFileType = sourcecode.swift; path = CareCenter.swift; sourceTree = "<group>"; };
		CA7E375F2F2D3FE500AB625C /* DataManager.swift */ = {isa = PBXFileReference; lastKnownFileType = sourcecode.swift; path = DataManager.swift; sourceTree = "<group>"; };
		CAC7B7D82F2A88B30003A5F6 /* GoogleService-Info.plist */ = {isa = PBXFileReference; lastKnownFileType = text.plist.xml; path = "GoogleService-Info.plist"; sourceTree = "<group>"; };
		CAC7B7DA2F2BD3790003A5F6 /* CareCenterListViewController.swift */ = {isa = PBXFileReference; lastKnownFileType = sourcecode.swift; path = CareCenterListViewController.swift; sourceTree = "<group>"; };
		CAC7B7DC2F2BD3820003A5F6 /* CareCenterDetailsViewController.swift */ = {isa = PBXFileReference; lastKnownFileType = sourcecode.swift; path = CareCenterDetailsViewController.swift; sourceTree = "<group>"; };
/* End PBXFileReference section */

/* Begin PBXFrameworksBuildPhase section */
		CA69F35F2F2A87AE0059BC8A /* Frameworks */ = {
			isa = PBXFrameworksBuildPhase;
			buildActionMask = 2147483647;
			files = (
				263DF4C95E5BC2AB02F77C0B /* Pods_HospitalApp.framework in Frameworks */,
			);
			runOnlyForDeploymentPostprocessing = 0;
		};
/* End PBXFrameworksBuildPhase section */

/* Begin PBXGroup section */
		3031EAF01E1985A440CECCEC /* Pods */ = {
			isa = PBXGroup;
			children = (
				460624B9BDA0A19080D81033 /* Pods-HospitalApp.debug.xcconfig */,
				B4D26AC1F474E52F717D1FEE /* Pods-HospitalApp.release.xcconfig */,
			);
			path = Pods;
			sourceTree = "<group>";
		};
		CA69F3592F2A87AE0059BC8A = {
			isa = PBXGroup;
			children = (
				CA69F3832F2A87D70059BC8A /* HospitalApp */,
				CA69F3632F2A87AE0059BC8A /* Products */,
				3031EAF01E1985A440CECCEC /* Pods */,
				F87550FEDFB853FF190AA22A /* Frameworks */,
			);
			sourceTree = "<group>";
		};
		CA69F3632F2A87AE0059BC8A /* Products */ = {
			isa = PBXGroup;
			children = (
				CA69F3622F2A87AE0059BC8A /* HospitalApp.app */,
			);
			name = Products;
			sourceTree = "<group>";
		};
		CA69F3832F2A87D70059BC8A /* HospitalApp */ = {
			isa = PBXGroup;
			children = (
				842EF2322F78555900169087 /* Assets.xcassets */,
				CA69F37A2F2A87D70059BC8A /* AppDelegate.swift */,
				CA69F37C2F2A87D70059BC8A /* Info.plist */,
				CA69F3802F2A87D70059BC8A /* Main.storyboard */,
				CA69F3812F2A87D70059BC8A /* SceneDelegate.swift */,
				CAC7B7D82F2A88B30003A5F6 /* GoogleService-Info.plist */,
				CA7E375C2F2D3FB800AB625C /* Model */,
				CA7E375D2F2D3FC700AB625C /* Controllers */,
				842EF2382F78574F00169087 /* LaunchScreen.storyboard */,
				842EF23A2F7B110A00169087 /* WaitTimeModels.swift */,
			);
			path = HospitalApp;
			sourceTree = "<group>";
		};
		CA7E375C2F2D3FB800AB625C /* Model */ = {
			isa = PBXGroup;
			children = (
				CA7E375F2F2D3FE500AB625C /* DataManager.swift */,
				CA7E37582F2BF9C700AB625C /* Capability.swift */,
				CA7E375A2F2BF9CA00AB625C /* CareCenter.swift */,
			);
			path = Model;
			sourceTree = "<group>";
		};
		CA7E375D2F2D3FC700AB625C /* Controllers */ = {
			isa = PBXGroup;
			children = (
				CA69F3822F2A87D70059BC8A /* LandingPageViewController.swift */,
				CAC7B7DA2F2BD3790003A5F6 /* CareCenterListViewController.swift */,
				CAC7B7DC2F2BD3820003A5F6 /* CareCenterDetailsViewController.swift */,
				CA6F02082F2D49610044A3E0 /* CareCenterTableViewCell.swift */,
				CA6F020A2F2D4DED0044A3E0 /* CareCenterAnnotation.swift */,
				CA6F020C2F2D577B0044A3E0 /* CareCenterDetailHeaderCell.swift */,
				842EF23C2F7DEE3600169087 /* FacilityIssueModels.swift */,
				842EF23E2F7DEE4200169087 /* FacilityIssueReportViewController.swift */,
				84E8E9D12F7E996E00968025 /* CareCentersListViewController.swift */,
				84E8E9D32F7F14D000968025 /* AdminWaitTimeOverride.swift */,
				84E8E9D52F7F14D200968025 /* AdminFacilityIssueOverride.swift */,
			);
			path = Controllers;
			sourceTree = "<group>";
		};
		F87550FEDFB853FF190AA22A /* Frameworks */ = {
			isa = PBXGroup;
			children = (
				B84F42C2C782624660F28218 /* Pods_HospitalApp.framework */,
			);
			name = Frameworks;
			sourceTree = "<group>";
		};
/* End PBXGroup section */

/* Begin PBXNativeTarget section */
		CA69F3612F2A87AE0059BC8A /* HospitalApp */ = {
			isa = PBXNativeTarget;
			buildConfigurationList = CA69F3752F2A87AF0059BC8A /* Build configuration list for PBXNativeTarget "HospitalApp" */;
			buildPhases = (
				92419B8583EAB28E1BD60A2A /* [CP] Check Pods Manifest.lock */,
				CA69F35E2F2A87AE0059BC8A /* Sources */,
				CA69F35F2F2A87AE0059BC8A /* Frameworks */,
				CA69F3602F2A87AE0059BC8A /* Resources */,
				48DD36629CD61BC4D1D13B3B /* [CP] Embed Pods Frameworks */,
			);
			buildRules = (
			);
			dependencies = (
			);
			name = HospitalApp;
			productName = HospitalApp;
			productReference = CA69F3622F2A87AE0059BC8A /* HospitalApp.app */;
			productType = "com.apple.product-type.application";
		};
/* End PBXNativeTarget section */

/* Begin PBXProject section */
		CA69F35A2F2A87AE0059BC8A /* Project object */ = {
			isa = PBXProject;
			attributes = {
				BuildIndependentTargetsInParallel = 1;
				LastSwiftUpdateCheck = 2610;
				LastUpgradeCheck = 2610;
				TargetAttributes = {
					CA69F3612F2A87AE0059BC8A = {
						CreatedOnToolsVersion = 26.1;
					};
				};
			};
			buildConfigurationList = CA69F35D2F2A87AE0059BC8A /* Build configuration list for PBXProject "HospitalApp" */;
			compatibilityVersion = "Xcode 14.0";
			developmentRegion = en;
			hasScannedForEncodings = 0;
			knownRegions = (
				en,
				Base,
			);
			mainGroup = CA69F3592F2A87AE0059BC8A;
			productRefGroup = CA69F3632F2A87AE0059BC8A /* Products */;
			projectDirPath = "";
			projectRoot = "";
			targets = (
				CA69F3612F2A87AE0059BC8A /* HospitalApp */,
			);
		};
/* End PBXProject section */

/* Begin PBXResourcesBuildPhase section */
		CA69F3602F2A87AE0059BC8A /* Resources */ = {
			isa = PBXResourcesBuildPhase;
			buildActionMask = 2147483647;
			files = (
				CAC7B7D92F2A88B30003A5F6 /* GoogleService-Info.plist in Resources */,
				842EF2332F78555900169087 /* Assets.xcassets in Resources */,
				842EF2392F78574F00169087 /* LaunchScreen.storyboard in Resources */,
				CA69F3872F2A87D70059BC8A /* Main.storyboard in Resources */,
			);
			runOnlyForDeploymentPostprocessing = 0;
		};
/* End PBXResourcesBuildPhase section */

/* Begin PBXShellScriptBuildPhase section */
		48DD36629CD61BC4D1D13B3B /* [CP] Embed Pods Frameworks */ = {
			isa = PBXShellScriptBuildPhase;
			buildActionMask = 2147483647;
			files = (
			);
			inputFileListPaths = (
				"${PODS_ROOT}/Target Support Files/Pods-HospitalApp/Pods-HospitalApp-frameworks-${CONFIGURATION}-input-files.xcfilelist",
			);
			inputPaths = (
			);
			name = "[CP] Embed Pods Frameworks";
			outputFileListPaths = (
				"${PODS_ROOT}/Target Support Files/Pods-HospitalApp/Pods-HospitalApp-frameworks-${CONFIGURATION}-output-files.xcfilelist",
			);
			outputPaths = (
			);
			runOnlyForDeploymentPostprocessing = 0;
			shellPath = /bin/sh;
			shellScript = "\"${PODS_ROOT}/Target Support Files/Pods-HospitalApp/Pods-HospitalApp-frameworks.sh\"\n";
			showEnvVarsInLog = 0;
		};
		92419B8583EAB28E1BD60A2A /* [CP] Check Pods Manifest.lock */ = {
			isa = PBXShellScriptBuildPhase;
			buildActionMask = 2147483647;
			files = (
			);
			inputFileListPaths = (
			);
			inputPaths = (
				"${PODS_PODFILE_DIR_PATH}/Podfile.lock",
				"${PODS_ROOT}/Manifest.lock",
			);
			name = "[CP] Check Pods Manifest.lock";
			outputFileListPaths = (
			);
			outputPaths = (
				"$(DERIVED_FILE_DIR)/Pods-HospitalApp-checkManifestLockResult.txt",
			);
			runOnlyForDeploymentPostprocessing = 0;
			shellPath = /bin/sh;
			shellScript = "diff \"${PODS_PODFILE_DIR_PATH}/Podfile.lock\" \"${PODS_ROOT}/Manifest.lock\" > /dev/null\nif [ $? != 0 ] ; then\n    # print error to STDERR\n    echo \"error: The sandbox is not in sync with the Podfile.lock. Run 'pod install' or update your CocoaPods installation.\" >&2\n    exit 1\nfi\n# This output is used by Xcode 'outputs' to avoid re-running this script phase.\necho \"SUCCESS\" > \"${SCRIPT_OUTPUT_FILE_0}\"\n";
			showEnvVarsInLog = 0;
		};
/* End PBXShellScriptBuildPhase section */

/* Begin PBXSourcesBuildPhase section */
		CA69F35E2F2A87AE0059BC8A /* Sources */ = {
			isa = PBXSourcesBuildPhase;
			buildActionMask = 2147483647;
			files = (
				CA69F3882F2A87D70059BC8A /* AppDelegate.swift in Sources */,
				CA7E37602F2D3FE900AB625C /* DataManager.swift in Sources */,
				CA69F3892F2A87D70059BC8A /* SceneDelegate.swift in Sources */,
				84E8E9D42F7F14D000968025 /* AdminWaitTimeOverride.swift in Sources */,
				CAC7B7DD2F2BD3820003A5F6 /* CareCenterDetailsViewController.swift in Sources */,
				CA6F020B2F2D4DED0044A3E0 /* CareCenterAnnotation.swift in Sources */,
				CAC7B7DB2F2BD3790003A5F6 /* CareCenterListViewController.swift in Sources */,
				84E8E9D22F7E996E00968025 /* CareCentersListViewController.swift in Sources */,
				CA7E375B2F2BF9CA00AB625C /* CareCenter.swift in Sources */,
				CA69F38A2F2A87D70059BC8A /* LandingPageViewController.swift in Sources */,
				CA7E37592F2BF9C700AB625C /* Capability.swift in Sources */,
				CA6F020D2F2D577B0044A3E0 /* CareCenterDetailHeaderCell.swift in Sources */,
				CA6F02092F2D49610044A3E0 /* CareCenterTableViewCell.swift in Sources */,
				842EF23D2F7DEE3600169087 /* FacilityIssueModels.swift in Sources */,
				842EF23B2F7B110A00169087 /* WaitTimeModels.swift in Sources */,
				84E8E9D62F7F14D200968025 /* AdminFacilityIssueOverride.swift in Sources */,
				842EF23F2F7DEE4200169087 /* FacilityIssueReportViewController.swift in Sources */,
			);
			runOnlyForDeploymentPostprocessing = 0;
		};
/* End PBXSourcesBuildPhase section */

/* Begin PBXVariantGroup section */
		CA69F3802F2A87D70059BC8A /* Main.storyboard */ = {
			isa = PBXVariantGroup;
			children = (
				CA69F37F2F2A87D70059BC8A /* Base */,
			);
			name = Main.storyboard;
			sourceTree = "<group>";
		};
/* End PBXVariantGroup section */

/* Begin XCBuildConfiguration section */
		CA69F3762F2A87AF0059BC8A /* Debug */ = {
			isa = XCBuildConfiguration;
			baseConfigurationReference = 460624B9BDA0A19080D81033 /* Pods-HospitalApp.debug.xcconfig */;
			buildSettings = {
				ASSETCATALOG_COMPILER_APPICON_NAME = AppIcon;
				ASSETCATALOG_COMPILER_GLOBAL_ACCENT_COLOR_NAME = AccentColor;
				ASSETCATALOG_COMPILER_INCLUDE_ALL_APPICON_ASSETS = YES;
				CODE_SIGN_STYLE = Automatic;
				CURRENT_PROJECT_VERSION = 1;
				DEVELOPMENT_TEAM = N7N835YY8L;
				ENABLE_USER_SCRIPT_SANDBOXING = NO;
				GENERATE_INFOPLIST_FILE = YES;
				INFOPLIST_FILE = HospitalApp/Info.plist;
				INFOPLIST_KEY_CFBundleDisplayName = "Care Compass";
				INFOPLIST_KEY_UIApplicationSupportsIndirectInputEvents = YES;
				INFOPLIST_KEY_UILaunchStoryboardName = LaunchScreen;
				INFOPLIST_KEY_UIMainStoryboardFile = Main;
				INFOPLIST_KEY_UISupportedInterfaceOrientations_iPad = "UIInterfaceOrientationPortrait UIInterfaceOrientationPortraitUpsideDown UIInterfaceOrientationLandscapeLeft UIInterfaceOrientationLandscapeRight";
				INFOPLIST_KEY_UISupportedInterfaceOrientations_iPhone = "UIInterfaceOrientationPortrait UIInterfaceOrientationLandscapeLeft UIInterfaceOrientationLandscapeRight";
				LD_RUNPATH_SEARCH_PATHS = (
					"$(inherited)",
					"@executable_path/Frameworks",
				);
				MARKETING_VERSION = 1.0;
				PRODUCT_BUNDLE_IDENTIFIER = com.homick.HospitalApp;
				PRODUCT_NAME = "$(TARGET_NAME)";
				STRING_CATALOG_GENERATE_SYMBOLS = YES;
				SWIFT_APPROACHABLE_CONCURRENCY = YES;
				SWIFT_DEFAULT_ACTOR_ISOLATION = MainActor;
				SWIFT_EMIT_LOC_STRINGS = YES;
				SWIFT_UPCOMING_FEATURE_MEMBER_IMPORT_VISIBILITY = YES;
				SWIFT_VERSION = 5.0;
				TARGETED_DEVICE_FAMILY = "1,2";
			};
			name = Debug;
		};
		CA69F3772F2A87AF0059BC8A /* Release */ = {
			isa = XCBuildConfiguration;
			baseConfigurationReference = B4D26AC1F474E52F717D1FEE /* Pods-HospitalApp.release.xcconfig */;
			buildSettings = {
				ASSETCATALOG_COMPILER_APPICON_NAME = AppIcon;
				ASSETCATALOG_COMPILER_GLOBAL_ACCENT_COLOR_NAME = AccentColor;
				ASSETCATALOG_COMPILER_INCLUDE_ALL_APPICON_ASSETS = YES;
				CODE_SIGN_STYLE = Automatic;
				CURRENT_PROJECT_VERSION = 1;
				DEVELOPMENT_TEAM = N7N835YY8L;
				ENABLE_USER_SCRIPT_SANDBOXING = NO;
				GENERATE_INFOPLIST_FILE = YES;
				INFOPLIST_FILE = HospitalApp/Info.plist;
				INFOPLIST_KEY_CFBundleDisplayName = "Care Compass";
				INFOPLIST_KEY_UIApplicationSupportsIndirectInputEvents = YES;
				INFOPLIST_KEY_UILaunchStoryboardName = LaunchScreen;
				INFOPLIST_KEY_UIMainStoryboardFile = Main;
				INFOPLIST_KEY_UISupportedInterfaceOrientations_iPad = "UIInterfaceOrientationPortrait UIInterfaceOrientationPortraitUpsideDown UIInterfaceOrientationLandscapeLeft UIInterfaceOrientationLandscapeRight";
				INFOPLIST_KEY_UISupportedInterfaceOrientations_iPhone = "UIInterfaceOrientationPortrait UIInterfaceOrientationLandscapeLeft UIInterfaceOrientationLandscapeRight";
				LD_RUNPATH_SEARCH_PATHS = (
					"$(inherited)",
					"@executable_path/Frameworks",
				);
				MARKETING_VERSION = 1.0;
				PRODUCT_BUNDLE_IDENTIFIER = com.homick.HospitalApp;
				PRODUCT_NAME = "$(TARGET_NAME)";
				STRING_CATALOG_GENERATE_SYMBOLS = YES;
				SWIFT_APPROACHABLE_CONCURRENCY = YES;
				SWIFT_DEFAULT_ACTOR_ISOLATION = MainActor;
				SWIFT_EMIT_LOC_STRINGS = YES;
				SWIFT_UPCOMING_FEATURE_MEMBER_IMPORT_VISIBILITY = YES;
				SWIFT_VERSION = 5.0;
				TARGETED_DEVICE_FAMILY = "1,2";
			};
			name = Release;
		};
		CA69F3782F2A87AF0059BC8A /* Debug */ = {
			isa = XCBuildConfiguration;
			buildSettings = {
				ALWAYS_SEARCH_USER_PATHS = NO;
				ASSETCATALOG_COMPILER_GENERATE_SWIFT_ASSET_SYMBOL_EXTENSIONS = YES;
				CLANG_ANALYZER_NONNULL = YES;
				CLANG_ANALYZER_NUMBER_OBJECT_CONVERSION = YES_AGGRESSIVE;
				CLANG_CXX_LANGUAGE_STANDARD = "gnu++20";
				CLANG_ENABLE_MODULES = YES;
				CLANG_ENABLE_OBJC_ARC = YES;
				CLANG_ENABLE_OBJC_WEAK = YES;
				CLANG_WARN_BLOCK_CAPTURE_AUTORELEASING = YES;
				CLANG_WARN_BOOL_CONVERSION = YES;
				CLANG_WARN_COMMA = YES;
				CLANG_WARN_CONSTANT_CONVERSION = YES;
				CLANG_WARN_DEPRECATED_OBJC_IMPLEMENTATIONS = YES;
				CLANG_WARN_DIRECT_OBJC_ISA_USAGE = YES_ERROR;
				CLANG_WARN_DOCUMENTATION_COMMENTS = YES;
				CLANG_WARN_EMPTY_BODY = YES;
				CLANG_WARN_ENUM_CONVERSION = YES;
				CLANG_WARN_INFINITE_RECURSION = YES;
				CLANG_WARN_INT_CONVERSION = YES;
				CLANG_WARN_NON_LITERAL_NULL_CONVERSION = YES;
				CLANG_WARN_OBJC_IMPLICIT_RETAIN_SELF = YES;
				CLANG_WARN_OBJC_LITERAL_CONVERSION = YES;
				CLANG_WARN_OBJC_ROOT_CLASS = YES_ERROR;
				CLANG_WARN_QUOTED_INCLUDE_IN_FRAMEWORK_HEADER = YES;
				CLANG_WARN_RANGE_LOOP_ANALYSIS = YES;
				CLANG_WARN_STRICT_PROTOTYPES = YES;
				CLANG_WARN_SUSPICIOUS_MOVE = YES;
				CLANG_WARN_UNGUARDED_AVAILABILITY = YES_AGGRESSIVE;
				CLANG_WARN_UNREACHABLE_CODE = YES;
				CLANG_WARN__DUPLICATE_METHOD_MATCH = YES;
				COPY_PHASE_STRIP = NO;
				DEBUG_INFORMATION_FORMAT = dwarf;
				DEVELOPMENT_TEAM = 42956HRKGT;
				ENABLE_STRICT_OBJC_MSGSEND = YES;
				ENABLE_TESTABILITY = YES;
				ENABLE_USER_SCRIPT_SANDBOXING = YES;
				GCC_C_LANGUAGE_STANDARD = gnu17;
				GCC_DYNAMIC_NO_PIC = NO;
				GCC_NO_COMMON_BLOCKS = YES;
				GCC_OPTIMIZATION_LEVEL = 0;
				GCC_PREPROCESSOR_DEFINITIONS = (
					"DEBUG=1",
					"$(inherited)",
				);
				GCC_WARN_64_TO_32_BIT_CONVERSION = YES;
				GCC_WARN_ABOUT_RETURN_TYPE = YES_ERROR;
				GCC_WARN_UNDECLARED_SELECTOR = YES;
				GCC_WARN_UNINITIALIZED_AUTOS = YES_AGGRESSIVE;
				GCC_WARN_UNUSED_FUNCTION = YES;
				GCC_WARN_UNUSED_VARIABLE = YES;
				IPHONEOS_DEPLOYMENT_TARGET = 26.1;
				LOCALIZATION_PREFERS_STRING_CATALOGS = YES;
				MTL_ENABLE_DEBUG_INFO = INCLUDE_SOURCE;
				MTL_FAST_MATH = YES;
				ONLY_ACTIVE_ARCH = YES;
				SDKROOT = iphoneos;
				SWIFT_ACTIVE_COMPILATION_CONDITIONS = "DEBUG $(inherited)";
				SWIFT_OPTIMIZATION_LEVEL = "-Onone";
			};
			name = Debug;
		};
		CA69F3792F2A87AF0059BC8A /* Release */ = {
			isa = XCBuildConfiguration;
			buildSettings = {
				ALWAYS_SEARCH_USER_PATHS = NO;
				ASSETCATALOG_COMPILER_GENERATE_SWIFT_ASSET_SYMBOL_EXTENSIONS = YES;
				CLANG_ANALYZER_NONNULL = YES;
				CLANG_ANALYZER_NUMBER_OBJECT_CONVERSION = YES_AGGRESSIVE;
				CLANG_CXX_LANGUAGE_STANDARD = "gnu++20";
				CLANG_ENABLE_MODULES = YES;
				CLANG_ENABLE_OBJC_ARC = YES;
				CLANG_ENABLE_OBJC_WEAK = YES;
				CLANG_WARN_BLOCK_CAPTURE_AUTORELEASING = YES;
				CLANG_WARN_BOOL_CONVERSION = YES;
				CLANG_WARN_COMMA = YES;
				CLANG_WARN_CONSTANT_CONVERSION = YES;
				CLANG_WARN_DEPRECATED_OBJC_IMPLEMENTATIONS = YES;
				CLANG_WARN_DIRECT_OBJC_ISA_USAGE = YES_ERROR;
				CLANG_WARN_DOCUMENTATION_COMMENTS = YES;
				CLANG_WARN_EMPTY_BODY = YES;
				CLANG_WARN_ENUM_CONVERSION = YES;
				CLANG_WARN_INFINITE_RECURSION = YES;
				CLANG_WARN_INT_CONVERSION = YES;
				CLANG_WARN_NON_LITERAL_NULL_CONVERSION = YES;
				CLANG_WARN_OBJC_IMPLICIT_RETAIN_SELF = YES;
				CLANG_WARN_OBJC_LITERAL_CONVERSION = YES;
				CLANG_WARN_OBJC_ROOT_CLASS = YES_ERROR;
				CLANG_WARN_QUOTED_INCLUDE_IN_FRAMEWORK_HEADER = YES;
				CLANG_WARN_RANGE_LOOP_ANALYSIS = YES;
				CLANG_WARN_STRICT_PROTOTYPES = YES;
				CLANG_WARN_SUSPICIOUS_MOVE = YES;
				CLANG_WARN_UNGUARDED_AVAILABILITY = YES_AGGRESSIVE;
				CLANG_WARN_UNREACHABLE_CODE = YES;
				CLANG_WARN__DUPLICATE_METHOD_MATCH = YES;
				COPY_PHASE_STRIP = NO;
				DEBUG_INFORMATION_FORMAT = "dwarf-with-dsym";
				DEVELOPMENT_TEAM = 42956HRKGT;
				ENABLE_NS_ASSERTIONS = NO;
				ENABLE_STRICT_OBJC_MSGSEND = YES;
				ENABLE_USER_SCRIPT_SANDBOXING = YES;
				GCC_C_LANGUAGE_STANDARD = gnu17;
				GCC_NO_COMMON_BLOCKS = YES;
				GCC_WARN_64_TO_32_BIT_CONVERSION = YES;
				GCC_WARN_ABOUT_RETURN_TYPE = YES_ERROR;
				GCC_WARN_UNDECLARED_SELECTOR = YES;
				GCC_WARN_UNINITIALIZED_AUTOS = YES_AGGRESSIVE;
				GCC_WARN_UNUSED_FUNCTION = YES;
				GCC_WARN_UNUSED_VARIABLE = YES;
				IPHONEOS_DEPLOYMENT_TARGET = 26.1;
				LOCALIZATION_PREFERS_STRING_CATALOGS = YES;
				MTL_ENABLE_DEBUG_INFO = NO;
				MTL_FAST_MATH = YES;
				SDKROOT = iphoneos;
				SWIFT_COMPILATION_MODE = wholemodule;
				VALIDATE_PRODUCT = YES;
			};
			name = Release;
		};
/* End XCBuildConfiguration section */

/* Begin XCConfigurationList section */
		CA69F35D2F2A87AE0059BC8A /* Build configuration list for PBXProject "HospitalApp" */ = {
			isa = XCConfigurationList;
			buildConfigurations = (
				CA69F3782F2A87AF0059BC8A /* Debug */,
				CA69F3792F2A87AF0059BC8A /* Release */,
			);
			defaultConfigurationIsVisible = 0;
			defaultConfigurationName = Release;
		};
		CA69F3752F2A87AF0059BC8A /* Build configuration list for PBXNativeTarget "HospitalApp" */ = {
			isa = XCConfigurationList;
			buildConfigurations = (
				CA69F3762F2A87AF0059BC8A /* Debug */,
				CA69F3772F2A87AF0059BC8A /* Release */,
			);
			defaultConfigurationIsVisible = 0;
			defaultConfigurationName = Release;
		};
/* End XCConfigurationList section */
	};
	rootObject = CA69F35A2F2A87AE0059BC8A /* Project object */;
}
